
Microsoft Visual Studio Solution File, Format Version 12.00
# Visual Studio Version 17
VisualStudioVersion = 17.8.34511.84
MinimumVisualStudioVersion = 10.0.40219.1
Project("{FAE04EC0-301F-11D3-BF4B-00C04F79EFBC}") = "WpfApp2", "WpfApp2.csproj", "{2466149C-8309-4B0F-833C-EE7821B172DF}"
EndProject
Global
	GlobalSection(SolutionConfigurationPlatforms) = preSolution
		Debug|Any CPU = Debug|Any CPU
		Release|Any CPU = Release|Any CPU
	EndGlobalSection
	GlobalSection(ProjectConfigurationPlatforms) = postSolution
		{2466149C-8309-4B0F-833C-EE7821B172DF}.Debug|Any CPU.ActiveCfg = Debug|Any CPU
		{2466149C-8309-4B0F-833C-EE7821B172DF}.Debug|Any CPU.Build.0 = Debug|Any CPU
		{2466149C-8309-4B0F-833C-EE7821B172DF}.Release|Any CPU.ActiveCfg = Release|Any CPU
		{2466149C-8309-4B0F-833C-EE7821B172DF}.Release|Any CPU.Build.0 = Release|Any CPU
	EndGlobalSection
	GlobalSection(SolutionProperties) = preSolution
		HideSolutionNode = FALSE
	EndGlobalSection
	GlobalSection(ExtensibilityGlobals) = postSolution
		SolutionGuid = {A745EC59-85D6-46E9-9488-5FE7295ACB9A}
	EndGlobalSection
EndGlobal
