
Microsoft Visual Studio Solution File, Format Version 12.00
# Visual Studio Version 17
VisualStudioVersion = 17.10.35201.131
MinimumVisualStudioVersion = 10.0.40219.1
Project("{FAE04EC0-301F-11D3-BF4B-00C04F79EFBC}") = "Wpfsamworkai", "Wpfsamworkai.csproj", "{674BB59E-B9EF-477C-BBBD-487368152EF2}"
EndProject
Global
	GlobalSection(SolutionConfigurationPlatforms) = preSolution
		Debug|Any CPU = Debug|Any CPU
		Release|Any CPU = Release|Any CPU
	EndGlobalSection
	GlobalSection(ProjectConfigurationPlatforms) = postSolution
		{674BB59E-B9EF-477C-BBBD-487368152EF2}.Debug|Any CPU.ActiveCfg = Debug|Any CPU
		{674BB59E-B9EF-477C-BBBD-487368152EF2}.Debug|Any CPU.Build.0 = Debug|Any CPU
		{674BB59E-B9EF-477C-BBBD-487368152EF2}.Release|Any CPU.ActiveCfg = Release|Any CPU
		{674BB59E-B9EF-477C-BBBD-487368152EF2}.Release|Any CPU.Build.0 = Release|Any CPU
	EndGlobalSection
	GlobalSection(SolutionProperties) = preSolution
		HideSolutionNode = FALSE
	EndGlobalSection
	GlobalSection(ExtensibilityGlobals) = postSolution
		SolutionGuid = {AB7B5067-7151-4BD7-B024-26212E4BDACC}
	EndGlobalSection
EndGlobal
