
Microsoft Visual Studio Solution File, Format Version 12.00
# Visual Studio Version 17
VisualStudioVersion = 17.7.34024.191
MinimumVisualStudioVersion = 10.0.40219.1
Project("{FAE04EC0-301F-11D3-BF4B-00C04F79EFBC}") = "ConsoleApp11", "ConsoleApp11\ConsoleApp11.csproj", "{7D46A3A8-D9E1-4AC7-B54E-B15797BF2D05}"
EndProject
Global
	GlobalSection(SolutionConfigurationPlatforms) = preSolution
		Debug|Any CPU = Debug|Any CPU
		Release|Any CPU = Release|Any CPU
	EndGlobalSection
	GlobalSection(ProjectConfigurationPlatforms) = postSolution
		{7D46A3A8-D9E1-4AC7-B54E-B15797BF2D05}.Debug|Any CPU.ActiveCfg = Debug|Any CPU
		{7D46A3A8-D9E1-4AC7-B54E-B15797BF2D05}.Debug|Any CPU.Build.0 = Debug|Any CPU
		{7D46A3A8-D9E1-4AC7-B54E-B15797BF2D05}.Release|Any CPU.ActiveCfg = Release|Any CPU
		{7D46A3A8-D9E1-4AC7-B54E-B15797BF2D05}.Release|Any CPU.Build.0 = Release|Any CPU
	EndGlobalSection
	GlobalSection(SolutionProperties) = preSolution
		HideSolutionNode = FALSE
	EndGlobalSection
	GlobalSection(ExtensibilityGlobals) = postSolution
		SolutionGuid = {260764CD-A6CB-4E13-BA86-02A34448B5C8}
	EndGlobalSection
EndGlobal
