
Microsoft Visual Studio Solution File, Format Version 12.00
# Visual Studio Version 17
VisualStudioVersion = 17.7.34024.191
MinimumVisualStudioVersion = 10.0.40219.1
Project("{9A19103F-16F7-4668-BE54-9A1E7A4F7556}") = "PZ_14", "ConsoleApp8\PZ_14.csproj", "{0EA1EC9E-19BA-4C67-8E2E-4CC3AE744DEC}"
EndProject
Project("{9A19103F-16F7-4668-BE54-9A1E7A4F7556}") = "PZ_01", "..\2pk2_Suyundukova\PZ_01\PZ_01.csproj", "{FA5778E8-2CE3-4ECF-8574-1D9360E36832}"
EndProject
Project("{9A19103F-16F7-4668-BE54-9A1E7A4F7556}") = "PZ_02", "..\2pk2_Suyundukova\PZ_02\PZ_02.csproj", "{8969EC8B-FCAE-4671-9E59-3A48BA839A88}"
EndProject
Project("{9A19103F-16F7-4668-BE54-9A1E7A4F7556}") = "PZ_03", "..\2pk2_Suyundukova\PZ_03\PZ_03.csproj", "{0D6F2711-56E7-499F-A929-4F550B6BC962}"
EndProject
Project("{9A19103F-16F7-4668-BE54-9A1E7A4F7556}") = "PZ_04", "..\2pk2_Suyundukova\PZ_04\PZ_04.csproj", "{F19E22D8-336E-4B9E-AFE9-C0855010B1B6}"
EndProject
Project("{9A19103F-16F7-4668-BE54-9A1E7A4F7556}") = "PZ_05", "..\2pk2_Suyundukova\PZ_05\PZ_05.csproj", "{9AE3E0DA-1383-4468-AB05-6E64FDEDFBE6}"
EndProject
Project("{9A19103F-16F7-4668-BE54-9A1E7A4F7556}") = "PZ_06", "..\2pk2_Suyundukova\PZ_06\PZ_06.csproj", "{F7AA2BF5-9F62-43E7-BFAE-2526C8777E3F}"
EndProject
Project("{9A19103F-16F7-4668-BE54-9A1E7A4F7556}") = "PZ_07", "..\2pk2_Suyundukova\PZ_07\PZ_07.csproj", "{85AE57AA-5805-4FDB-94A0-B494E9421437}"
EndProject
Project("{9A19103F-16F7-4668-BE54-9A1E7A4F7556}") = "PZ_08", "..\2pk2_Suyundukova\PZ_08\PZ_08.csproj", "{EC45BCC1-20F0-45F2-B972-B1B973DD82A2}"
EndProject
Project("{9A19103F-16F7-4668-BE54-9A1E7A4F7556}") = "PZ_10", "..\2pk2_Suyundukova\PZ_10\PZ_10.csproj", "{B2404E71-9815-4385-8789-C1A7EEB9D1D7}"
EndProject
Project("{9A19103F-16F7-4668-BE54-9A1E7A4F7556}") = "PZ_11", "..\2pk2_Suyundukova\PZ_11\PZ_11.csproj", "{2070771B-FC77-46D5-932B-C389A8BF5C65}"
EndProject
Project("{9A19103F-16F7-4668-BE54-9A1E7A4F7556}") = "PZ_12", "..\2pk2_Suyundukova\PZ_12\PZ_12.csproj", "{8DF19B0B-EA93-4204-B563-15D01DF245A4}"
EndProject
Project("{9A19103F-16F7-4668-BE54-9A1E7A4F7556}") = "PZ_13", "..\2pk2_Suyundukova\PZ_13\PZ_13.csproj", "{3DF95846-04E9-4A5B-A68D-C796DB7AC2A6}"
EndProject
Project("{9A19103F-16F7-4668-BE54-9A1E7A4F7556}") = "PZ_15", "..\2pk2_Suyundukova\PZ_15\PZ_15.csproj", "{64260127-7778-41C6-ADAD-2CFF0888DFD9}"
EndProject
Project("{9A19103F-16F7-4668-BE54-9A1E7A4F7556}") = "Gamee", "..\ConsoleApp14\ConsoleApp14\Gamee.csproj", "{FE8CD95C-09C6-4346-917F-7CE80181852C}"
EndProject
Project("{9A19103F-16F7-4668-BE54-9A1E7A4F7556}") = "PZ_09", "..\2pk2_Suyundukova\PZ_09\PZ_09.csproj", "{973B0E72-44C0-41D1-9B77-BED22D06551B}"
EndProject
Project("{FAE04EC0-301F-11D3-BF4B-00C04F79EFBC}") = "PZ_18", "PZ_18\PZ_18.csproj", "{3E8D8E45-5A7C-4BCC-82FB-6B0224A68B9E}"
EndProject
Global
	GlobalSection(SolutionConfigurationPlatforms) = preSolution
		Debug|Any CPU = Debug|Any CPU
		Release|Any CPU = Release|Any CPU
	EndGlobalSection
	GlobalSection(ProjectConfigurationPlatforms) = postSolution
		{0EA1EC9E-19BA-4C67-8E2E-4CC3AE744DEC}.Debug|Any CPU.ActiveCfg = Debug|Any CPU
		{0EA1EC9E-19BA-4C67-8E2E-4CC3AE744DEC}.Debug|Any CPU.Build.0 = Debug|Any CPU
		{0EA1EC9E-19BA-4C67-8E2E-4CC3AE744DEC}.Release|Any CPU.ActiveCfg = Release|Any CPU
		{0EA1EC9E-19BA-4C67-8E2E-4CC3AE744DEC}.Release|Any CPU.Build.0 = Release|Any CPU
		{FA5778E8-2CE3-4ECF-8574-1D9360E36832}.Debug|Any CPU.ActiveCfg = Debug|Any CPU
		{FA5778E8-2CE3-4ECF-8574-1D9360E36832}.Debug|Any CPU.Build.0 = Debug|Any CPU
		{FA5778E8-2CE3-4ECF-8574-1D9360E36832}.Release|Any CPU.ActiveCfg = Release|Any CPU
		{FA5778E8-2CE3-4ECF-8574-1D9360E36832}.Release|Any CPU.Build.0 = Release|Any CPU
		{8969EC8B-FCAE-4671-9E59-3A48BA839A88}.Debug|Any CPU.ActiveCfg = Debug|Any CPU
		{8969EC8B-FCAE-4671-9E59-3A48BA839A88}.Debug|Any CPU.Build.0 = Debug|Any CPU
		{8969EC8B-FCAE-4671-9E59-3A48BA839A88}.Release|Any CPU.ActiveCfg = Release|Any CPU
		{8969EC8B-FCAE-4671-9E59-3A48BA839A88}.Release|Any CPU.Build.0 = Release|Any CPU
		{0D6F2711-56E7-499F-A929-4F550B6BC962}.Debug|Any CPU.ActiveCfg = Debug|Any CPU
		{0D6F2711-56E7-499F-A929-4F550B6BC962}.Debug|Any CPU.Build.0 = Debug|Any CPU
		{0D6F2711-56E7-499F-A929-4F550B6BC962}.Release|Any CPU.ActiveCfg = Release|Any CPU
		{0D6F2711-56E7-499F-A929-4F550B6BC962}.Release|Any CPU.Build.0 = Release|Any CPU
		{F19E22D8-336E-4B9E-AFE9-C0855010B1B6}.Debug|Any CPU.ActiveCfg = Debug|Any CPU
		{F19E22D8-336E-4B9E-AFE9-C0855010B1B6}.Debug|Any CPU.Build.0 = Debug|Any CPU
		{F19E22D8-336E-4B9E-AFE9-C0855010B1B6}.Release|Any CPU.ActiveCfg = Release|Any CPU
		{F19E22D8-336E-4B9E-AFE9-C0855010B1B6}.Release|Any CPU.Build.0 = Release|Any CPU
		{9AE3E0DA-1383-4468-AB05-6E64FDEDFBE6}.Debug|Any CPU.ActiveCfg = Debug|Any CPU
		{9AE3E0DA-1383-4468-AB05-6E64FDEDFBE6}.Debug|Any CPU.Build.0 = Debug|Any CPU
		{9AE3E0DA-1383-4468-AB05-6E64FDEDFBE6}.Release|Any CPU.ActiveCfg = Release|Any CPU
		{9AE3E0DA-1383-4468-AB05-6E64FDEDFBE6}.Release|Any CPU.Build.0 = Release|Any CPU
		{F7AA2BF5-9F62-43E7-BFAE-2526C8777E3F}.Debug|Any CPU.ActiveCfg = Debug|Any CPU
		{F7AA2BF5-9F62-43E7-BFAE-2526C8777E3F}.Debug|Any CPU.Build.0 = Debug|Any CPU
		{F7AA2BF5-9F62-43E7-BFAE-2526C8777E3F}.Release|Any CPU.ActiveCfg = Release|Any CPU
		{F7AA2BF5-9F62-43E7-BFAE-2526C8777E3F}.Release|Any CPU.Build.0 = Release|Any CPU
		{85AE57AA-5805-4FDB-94A0-B494E9421437}.Debug|Any CPU.ActiveCfg = Debug|Any CPU
		{85AE57AA-5805-4FDB-94A0-B494E9421437}.Debug|Any CPU.Build.0 = Debug|Any CPU
		{85AE57AA-5805-4FDB-94A0-B494E9421437}.Release|Any CPU.ActiveCfg = Release|Any CPU
		{85AE57AA-5805-4FDB-94A0-B494E9421437}.Release|Any CPU.Build.0 = Release|Any CPU
		{EC45BCC1-20F0-45F2-B972-B1B973DD82A2}.Debug|Any CPU.ActiveCfg = Debug|Any CPU
		{EC45BCC1-20F0-45F2-B972-B1B973DD82A2}.Debug|Any CPU.Build.0 = Debug|Any CPU
		{EC45BCC1-20F0-45F2-B972-B1B973DD82A2}.Release|Any CPU.ActiveCfg = Release|Any CPU
		{EC45BCC1-20F0-45F2-B972-B1B973DD82A2}.Release|Any CPU.Build.0 = Release|Any CPU
		{B2404E71-9815-4385-8789-C1A7EEB9D1D7}.Debug|Any CPU.ActiveCfg = Debug|Any CPU
		{B2404E71-9815-4385-8789-C1A7EEB9D1D7}.Debug|Any CPU.Build.0 = Debug|Any CPU
		{B2404E71-9815-4385-8789-C1A7EEB9D1D7}.Release|Any CPU.ActiveCfg = Release|Any CPU
		{B2404E71-9815-4385-8789-C1A7EEB9D1D7}.Release|Any CPU.Build.0 = Release|Any CPU
		{2070771B-FC77-46D5-932B-C389A8BF5C65}.Debug|Any CPU.ActiveCfg = Debug|Any CPU
		{2070771B-FC77-46D5-932B-C389A8BF5C65}.Debug|Any CPU.Build.0 = Debug|Any CPU
		{2070771B-FC77-46D5-932B-C389A8BF5C65}.Release|Any CPU.ActiveCfg = Release|Any CPU
		{2070771B-FC77-46D5-932B-C389A8BF5C65}.Release|Any CPU.Build.0 = Release|Any CPU
		{8DF19B0B-EA93-4204-B563-15D01DF245A4}.Debug|Any CPU.ActiveCfg = Debug|Any CPU
		{8DF19B0B-EA93-4204-B563-15D01DF245A4}.Debug|Any CPU.Build.0 = Debug|Any CPU
		{8DF19B0B-EA93-4204-B563-15D01DF245A4}.Release|Any CPU.ActiveCfg = Release|Any CPU
		{8DF19B0B-EA93-4204-B563-15D01DF245A4}.Release|Any CPU.Build.0 = Release|Any CPU
		{3DF95846-04E9-4A5B-A68D-C796DB7AC2A6}.Debug|Any CPU.ActiveCfg = Debug|Any CPU
		{3DF95846-04E9-4A5B-A68D-C796DB7AC2A6}.Debug|Any CPU.Build.0 = Debug|Any CPU
		{3DF95846-04E9-4A5B-A68D-C796DB7AC2A6}.Release|Any CPU.ActiveCfg = Release|Any CPU
		{3DF95846-04E9-4A5B-A68D-C796DB7AC2A6}.Release|Any CPU.Build.0 = Release|Any CPU
		{64260127-7778-41C6-ADAD-2CFF0888DFD9}.Debug|Any CPU.ActiveCfg = Debug|Any CPU
		{64260127-7778-41C6-ADAD-2CFF0888DFD9}.Debug|Any CPU.Build.0 = Debug|Any CPU
		{64260127-7778-41C6-ADAD-2CFF0888DFD9}.Release|Any CPU.ActiveCfg = Release|Any CPU
		{64260127-7778-41C6-ADAD-2CFF0888DFD9}.Release|Any CPU.Build.0 = Release|Any CPU
		{FE8CD95C-09C6-4346-917F-7CE80181852C}.Debug|Any CPU.ActiveCfg = Debug|Any CPU
		{FE8CD95C-09C6-4346-917F-7CE80181852C}.Debug|Any CPU.Build.0 = Debug|Any CPU
		{FE8CD95C-09C6-4346-917F-7CE80181852C}.Release|Any CPU.ActiveCfg = Release|Any CPU
		{FE8CD95C-09C6-4346-917F-7CE80181852C}.Release|Any CPU.Build.0 = Release|Any CPU
		{973B0E72-44C0-41D1-9B77-BED22D06551B}.Debug|Any CPU.ActiveCfg = Debug|Any CPU
		{973B0E72-44C0-41D1-9B77-BED22D06551B}.Debug|Any CPU.Build.0 = Debug|Any CPU
		{973B0E72-44C0-41D1-9B77-BED22D06551B}.Release|Any CPU.ActiveCfg = Release|Any CPU
		{973B0E72-44C0-41D1-9B77-BED22D06551B}.Release|Any CPU.Build.0 = Release|Any CPU
		{3E8D8E45-5A7C-4BCC-82FB-6B0224A68B9E}.Debug|Any CPU.ActiveCfg = Debug|Any CPU
		{3E8D8E45-5A7C-4BCC-82FB-6B0224A68B9E}.Debug|Any CPU.Build.0 = Debug|Any CPU
		{3E8D8E45-5A7C-4BCC-82FB-6B0224A68B9E}.Release|Any CPU.ActiveCfg = Release|Any CPU
		{3E8D8E45-5A7C-4BCC-82FB-6B0224A68B9E}.Release|Any CPU.Build.0 = Release|Any CPU
	EndGlobalSection
	GlobalSection(SolutionProperties) = preSolution
		HideSolutionNode = FALSE
	EndGlobalSection
	GlobalSection(ExtensibilityGlobals) = postSolution
		SolutionGuid = {9370FC70-D2E6-4827-ADB9-442535BEF151}
	EndGlobalSection
EndGlobal
