
Microsoft Visual Studio Solution File, Format Version 12.00
# Visual Studio Version 17
VisualStudioVersion = 17.10.35201.131
MinimumVisualStudioVersion = 10.0.40219.1
Project("{FAE04EC0-301F-11D3-BF4B-00C04F79EFBC}") = "WpfAppCaptha", "WpfAppCaptha.csproj", "{44FD91C6-5A8D-472C-9F31-655639E0CF20}"
EndProject
Global
	GlobalSection(SolutionConfigurationPlatforms) = preSolution
		Debug|Any CPU = Debug|Any CPU
		Release|Any CPU = Release|Any CPU
	EndGlobalSection
	GlobalSection(ProjectConfigurationPlatforms) = postSolution
		{44FD91C6-5A8D-472C-9F31-655639E0CF20}.Debug|Any CPU.ActiveCfg = Debug|Any CPU
		{44FD91C6-5A8D-472C-9F31-655639E0CF20}.Debug|Any CPU.Build.0 = Debug|Any CPU
		{44FD91C6-5A8D-472C-9F31-655639E0CF20}.Release|Any CPU.ActiveCfg = Release|Any CPU
		{44FD91C6-5A8D-472C-9F31-655639E0CF20}.Release|Any CPU.Build.0 = Release|Any CPU
	EndGlobalSection
	GlobalSection(SolutionProperties) = preSolution
		HideSolutionNode = FALSE
	EndGlobalSection
	GlobalSection(ExtensibilityGlobals) = postSolution
		SolutionGuid = {7E087868-FD0C-4C48-A4DD-BDD5F99320F0}
	EndGlobalSection
EndGlobal
