
Microsoft Visual Studio Solution File, Format Version 12.00
# Visual Studio Version 17
VisualStudioVersion = 17.8.34511.84
MinimumVisualStudioVersion = 10.0.40219.1
Project("{FAE04EC0-301F-11D3-BF4B-00C04F79EFBC}") = "DDelegatABV", "DDelegatABV.csproj", "{CBE06A10-013E-48F8-B618-00FE0E7D2834}"
EndProject
Global
	GlobalSection(SolutionConfigurationPlatforms) = preSolution
		Debug|Any CPU = Debug|Any CPU
		Release|Any CPU = Release|Any CPU
	EndGlobalSection
	GlobalSection(ProjectConfigurationPlatforms) = postSolution
		{CBE06A10-013E-48F8-B618-00FE0E7D2834}.Debug|Any CPU.ActiveCfg = Debug|Any CPU
		{CBE06A10-013E-48F8-B618-00FE0E7D2834}.Debug|Any CPU.Build.0 = Debug|Any CPU
		{CBE06A10-013E-48F8-B618-00FE0E7D2834}.Release|Any CPU.ActiveCfg = Release|Any CPU
		{CBE06A10-013E-48F8-B618-00FE0E7D2834}.Release|Any CPU.Build.0 = Release|Any CPU
	EndGlobalSection
	GlobalSection(SolutionProperties) = preSolution
		HideSolutionNode = FALSE
	EndGlobalSection
	GlobalSection(ExtensibilityGlobals) = postSolution
		SolutionGuid = {7EA402FF-42B9-4A4F-B0DE-C2021AE809F3}
	EndGlobalSection
EndGlobal
