
Microsoft Visual Studio Solution File, Format Version 12.00
# Visual Studio Version 17
VisualStudioVersion = 17.7.34024.191
MinimumVisualStudioVersion = 10.0.40219.1
Project("{FAE04EC0-301F-11D3-BF4B-00C04F79EFBC}") = "Game", "Game\Game.csproj", "{7A079159-6A3A-4FA5-8B1F-A7AB14F49F93}"
EndProject
Project("{2150E333-8FDC-42A3-9474-1A3956D46DE8}") = "Solution Items", "Solution Items", "{38C63566-F52E-4909-BD07-6EC4DF8C19EF}"
	ProjectSection(SolutionItems) = preProject
		.editorconfig = .editorconfig
	EndProjectSection
EndProject
Global
	GlobalSection(SolutionConfigurationPlatforms) = preSolution
		Debug|Any CPU = Debug|Any CPU
		Release|Any CPU = Release|Any CPU
	EndGlobalSection
	GlobalSection(ProjectConfigurationPlatforms) = postSolution
		{7A079159-6A3A-4FA5-8B1F-A7AB14F49F93}.Debug|Any CPU.ActiveCfg = Debug|Any CPU
		{7A079159-6A3A-4FA5-8B1F-A7AB14F49F93}.Debug|Any CPU.Build.0 = Debug|Any CPU
		{7A079159-6A3A-4FA5-8B1F-A7AB14F49F93}.Release|Any CPU.ActiveCfg = Release|Any CPU
		{7A079159-6A3A-4FA5-8B1F-A7AB14F49F93}.Release|Any CPU.Build.0 = Release|Any CPU
	EndGlobalSection
	GlobalSection(SolutionProperties) = preSolution
		HideSolutionNode = FALSE
	EndGlobalSection
	GlobalSection(ExtensibilityGlobals) = postSolution
		SolutionGuid = {4D9D4873-3863-494A-94CA-0839E4FD36F3}
	EndGlobalSection
EndGlobal
