
Microsoft Visual Studio Solution File, Format Version 12.00
# Visual Studio Version 17
VisualStudioVersion = 17.8.34511.84
MinimumVisualStudioVersion = 10.0.40219.1
Project("{FAE04EC0-301F-11D3-BF4B-00C04F79EFBC}") = "slovar", "slovar\slovar.csproj", "{CEF148EC-51B8-4ACA-9DDF-CF0BB472E3A5}"
EndProject
Global
	GlobalSection(SolutionConfigurationPlatforms) = preSolution
		Debug|Any CPU = Debug|Any CPU
		Release|Any CPU = Release|Any CPU
	EndGlobalSection
	GlobalSection(ProjectConfigurationPlatforms) = postSolution
		{CEF148EC-51B8-4ACA-9DDF-CF0BB472E3A5}.Debug|Any CPU.ActiveCfg = Debug|Any CPU
		{CEF148EC-51B8-4ACA-9DDF-CF0BB472E3A5}.Debug|Any CPU.Build.0 = Debug|Any CPU
		{CEF148EC-51B8-4ACA-9DDF-CF0BB472E3A5}.Release|Any CPU.ActiveCfg = Release|Any CPU
		{CEF148EC-51B8-4ACA-9DDF-CF0BB472E3A5}.Release|Any CPU.Build.0 = Release|Any CPU
	EndGlobalSection
	GlobalSection(SolutionProperties) = preSolution
		HideSolutionNode = FALSE
	EndGlobalSection
	GlobalSection(ExtensibilityGlobals) = postSolution
		SolutionGuid = {B697B3F3-1A0E-4DC1-8A9E-8680578CE0DB}
	EndGlobalSection
EndGlobal
